// !$*UTF8*$!
{
	archiveVersion = 1;
	classes = {
	};
	objectVersion = 50;
	objects = {

/* Begin PBXBuildFile section */
		8F7C72752181BA500062000C /* AppDelegate.m in Sources */ = {isa = PBXBuildFile; fileRef = 8F7C72742181BA500062000C /* AppDelegate.m */; };
		8F7C72782181BA500062000C /* ViewController.m in Sources */ = {isa = PBXBuildFile; fileRef = 8F7C72772181BA500062000C /* ViewController.m */; };
		8F7C727B2181BA500062000C /* Main.storyboard in Resources */ = {isa = PBXBuildFile; fileRef = 8F7C72792181BA500062000C /* Main.storyboard */; };
		8F7C727D2181BA530062000C /* Assets.xcassets in Resources */ = {isa = PBXBuildFile; fileRef = 8F7C727C2181BA530062000C /* Assets.xcassets */; };
		8F7C72802181BA530062000C /* LaunchScreen.storyboard in Resources */ = {isa = PBXBuildFile; fileRef = 8F7C727E2181BA530062000C /* LaunchScreen.storyboard */; };
		8F7C72832181BA530062000C /* main.m in Sources */ = {isa = PBXBuildFile; fileRef = 8F7C72822181BA530062000C /* main.m */; };
		8F7C728C2181BC770062000C /* SHMDatabaseSDK.m in Sources */ = {isa = PBXBuildFile; fileRef = 8F7C728B2181BC770062000C /* SHMDatabaseSDK.m */; };
		8F7C728F2181C0E90062000C /* SHMAutoSqlUtil.m in Sources */ = {isa = PBXBuildFile; fileRef = 8F7C728E2181C0E90062000C /* SHMAutoSqlUtil.m */; };
		8F7C72922181C15A0062000C /* SHMDBVersion.m in Sources */ = {isa = PBXBuildFile; fileRef = 8F7C72912181C15A0062000C /* SHMDBVersion.m */; };
		8F7C72952181C1A20062000C /* NSObject+SHMDatabase.m in Sources */ = {isa = PBXBuildFile; fileRef = 8F7C72942181C1A20062000C /* NSObject+SHMDatabase.m */; };
		8F7C72982181C2250062000C /* NSArray+SHMDatabase.m in Sources */ = {isa = PBXBuildFile; fileRef = 8F7C72972181C2250062000C /* NSArray+SHMDatabase.m */; };
		8F7C729B2181C26D0062000C /* SHMDbTools.m in Sources */ = {isa = PBXBuildFile; fileRef = 8F7C729A2181C26D0062000C /* SHMDbTools.m */; };
		8F7C72A02181CC560062000C /* AnyModel.m in Sources */ = {isa = PBXBuildFile; fileRef = 8F7C729F2181CC560062000C /* AnyModel.m */; };
		8F7C72A42181CE460062000C /* Father.m in Sources */ = {isa = PBXBuildFile; fileRef = 8F7C72A32181CE460062000C /* Father.m */; };
		8F7C72A72181CF5A0062000C /* SomeInfo.m in Sources */ = {isa = PBXBuildFile; fileRef = 8F7C72A62181CF5A0062000C /* SomeInfo.m */; };
		8F7C72AA2181CF7E0062000C /* AccessObj.m in Sources */ = {isa = PBXBuildFile; fileRef = 8F7C72A92181CF7E0062000C /* AccessObj.m */; };
		8F7C72AD2181D2400062000C /* DisplayViewController.m in Sources */ = {isa = PBXBuildFile; fileRef = 8F7C72AC2181D2400062000C /* DisplayViewController.m */; };
		8F7C72B12181D74B0062000C /* DisplayCell.m in Sources */ = {isa = PBXBuildFile; fileRef = 8F7C72B02181D74B0062000C /* DisplayCell.m */; };
		8F7C72B72182C74B0062000C /* Podfile in Resources */ = {isa = PBXBuildFile; fileRef = 8F7C72B62182C74B0062000C /* Podfile */; };
		8F7C72B92186BB200062000C /* README.md in Resources */ = {isa = PBXBuildFile; fileRef = 8F7C72B82186BB1F0062000C /* README.md */; };
		EB63B07121F70B97D7BBE365 /* Pods_SHMDatabase.framework in Frameworks */ = {isa = PBXBuildFile; fileRef = 06211271BC0696BED8B98182 /* Pods_SHMDatabase.framework */; };
/* End PBXBuildFile section */

/* Begin PBXFileReference section */
		06211271BC0696BED8B98182 /* Pods_SHMDatabase.framework */ = {isa = PBXFileReference; explicitFileType = wrapper.framework; includeInIndex = 0; path = Pods_SHMDatabase.framework; sourceTree = BUILT_PRODUCTS_DIR; };
		5E0BCD9CFA30B3C9E47EAEC6 /* Pods-SHMDatabase.release.xcconfig */ = {isa = PBXFileReference; includeInIndex = 1; lastKnownFileType = text.xcconfig; name = "Pods-SHMDatabase.release.xcconfig"; path = "Pods/Target Support Files/Pods-SHMDatabase/Pods-SHMDatabase.release.xcconfig"; sourceTree = "<group>"; };
		5EBABB20EEFF58B7563F9FD1 /* Pods-SHMDatabase.debug.xcconfig */ = {isa = PBXFileReference; includeInIndex = 1; lastKnownFileType = text.xcconfig; name = "Pods-SHMDatabase.debug.xcconfig"; path = "Pods/Target Support Files/Pods-SHMDatabase/Pods-SHMDatabase.debug.xcconfig"; sourceTree = "<group>"; };
		8F7C72702181BA500062000C /* SHMDatabase.app */ = {isa = PBXFileReference; explicitFileType = wrapper.application; includeInIndex = 0; path = SHMDatabase.app; sourceTree = BUILT_PRODUCTS_DIR; };
		8F7C72732181BA500062000C /* AppDelegate.h */ = {isa = PBXFileReference; lastKnownFileType = sourcecode.c.h; path = AppDelegate.h; sourceTree = "<group>"; };
		8F7C72742181BA500062000C /* AppDelegate.m */ = {isa = PBXFileReference; lastKnownFileType = sourcecode.c.objc; path = AppDelegate.m; sourceTree = "<group>"; };
		8F7C72762181BA500062000C /* ViewController.h */ = {isa = PBXFileReference; lastKnownFileType = sourcecode.c.h; path = ViewController.h; sourceTree = "<group>"; };
		8F7C72772181BA500062000C /* ViewController.m */ = {isa = PBXFileReference; lastKnownFileType = sourcecode.c.objc; path = ViewController.m; sourceTree = "<group>"; };
		8F7C727A2181BA500062000C /* Base */ = {isa = PBXFileReference; lastKnownFileType = file.storyboard; name = Base; path = Base.lproj/Main.storyboard; sourceTree = "<group>"; };
		8F7C727C2181BA530062000C /* Assets.xcassets */ = {isa = PBXFileReference; lastKnownFileType = folder.assetcatalog; path = Assets.xcassets; sourceTree = "<group>"; };
		8F7C727F2181BA530062000C /* Base */ = {isa = PBXFileReference; lastKnownFileType = file.storyboard; name = Base; path = Base.lproj/LaunchScreen.storyboard; sourceTree = "<group>"; };
		8F7C72812181BA530062000C /* Info.plist */ = {isa = PBXFileReference; lastKnownFileType = text.plist.xml; path = Info.plist; sourceTree = "<group>"; };
		8F7C72822181BA530062000C /* main.m */ = {isa = PBXFileReference; lastKnownFileType = sourcecode.c.objc; path = main.m; sourceTree = "<group>"; };
		8F7C728A2181BC770062000C /* SHMDatabaseSDK.h */ = {isa = PBXFileReference; lastKnownFileType = sourcecode.c.h; path = SHMDatabaseSDK.h; sourceTree = "<group>"; };
		8F7C728B2181BC770062000C /* SHMDatabaseSDK.m */ = {isa = PBXFileReference; lastKnownFileType = sourcecode.c.objc; path = SHMDatabaseSDK.m; sourceTree = "<group>"; };
		8F7C728D2181C0E90062000C /* SHMAutoSqlUtil.h */ = {isa = PBXFileReference; lastKnownFileType = sourcecode.c.h; path = SHMAutoSqlUtil.h; sourceTree = "<group>"; };
		8F7C728E2181C0E90062000C /* SHMAutoSqlUtil.m */ = {isa = PBXFileReference; lastKnownFileType = sourcecode.c.objc; path = SHMAutoSqlUtil.m; sourceTree = "<group>"; };
		8F7C72902181C15A0062000C /* SHMDBVersion.h */ = {isa = PBXFileReference; lastKnownFileType = sourcecode.c.h; path = SHMDBVersion.h; sourceTree = "<group>"; };
		8F7C72912181C15A0062000C /* SHMDBVersion.m */ = {isa = PBXFileReference; lastKnownFileType = sourcecode.c.objc; path = SHMDBVersion.m; sourceTree = "<group>"; };
		8F7C72932181C1A20062000C /* NSObject+SHMDatabase.h */ = {isa = PBXFileReference; lastKnownFileType = sourcecode.c.h; path = "NSObject+SHMDatabase.h"; sourceTree = "<group>"; };
		8F7C72942181C1A20062000C /* NSObject+SHMDatabase.m */ = {isa = PBXFileReference; lastKnownFileType = sourcecode.c.objc; path = "NSObject+SHMDatabase.m"; sourceTree = "<group>"; };
		8F7C72962181C2250062000C /* NSArray+SHMDatabase.h */ = {isa = PBXFileReference; lastKnownFileType = sourcecode.c.h; path = "NSArray+SHMDatabase.h"; sourceTree = "<group>"; };
		8F7C72972181C2250062000C /* NSArray+SHMDatabase.m */ = {isa = PBXFileReference; lastKnownFileType = sourcecode.c.objc; path = "NSArray+SHMDatabase.m"; sourceTree = "<group>"; };
		8F7C72992181C26D0062000C /* SHMDbTools.h */ = {isa = PBXFileReference; lastKnownFileType = sourcecode.c.h; path = SHMDbTools.h; sourceTree = "<group>"; };
		8F7C729A2181C26D0062000C /* SHMDbTools.m */ = {isa = PBXFileReference; lastKnownFileType = sourcecode.c.objc; path = SHMDbTools.m; sourceTree = "<group>"; };
		8F7C729C2181C4F00062000C /* SHMDBConst.h */ = {isa = PBXFileReference; lastKnownFileType = sourcecode.c.h; path = SHMDBConst.h; sourceTree = "<group>"; };
		8F7C729E2181CC560062000C /* AnyModel.h */ = {isa = PBXFileReference; lastKnownFileType = sourcecode.c.h; path = AnyModel.h; sourceTree = "<group>"; };
		8F7C729F2181CC560062000C /* AnyModel.m */ = {isa = PBXFileReference; lastKnownFileType = sourcecode.c.objc; path = AnyModel.m; sourceTree = "<group>"; };
		8F7C72A22181CE460062000C /* Father.h */ = {isa = PBXFileReference; lastKnownFileType = sourcecode.c.h; path = Father.h; sourceTree = "<group>"; };
		8F7C72A32181CE460062000C /* Father.m */ = {isa = PBXFileReference; lastKnownFileType = sourcecode.c.objc; path = Father.m; sourceTree = "<group>"; };
		8F7C72A52181CF5A0062000C /* SomeInfo.h */ = {isa = PBXFileReference; lastKnownFileType = sourcecode.c.h; path = SomeInfo.h; sourceTree = "<group>"; };
		8F7C72A62181CF5A0062000C /* SomeInfo.m */ = {isa = PBXFileReference; lastKnownFileType = sourcecode.c.objc; path = SomeInfo.m; sourceTree = "<group>"; };
		8F7C72A82181CF7E0062000C /* AccessObj.h */ = {isa = PBXFileReference; lastKnownFileType = sourcecode.c.h; path = AccessObj.h; sourceTree = "<group>"; };
		8F7C72A92181CF7E0062000C /* AccessObj.m */ = {isa = PBXFileReference; lastKnownFileType = sourcecode.c.objc; path = AccessObj.m; sourceTree = "<group>"; };
		8F7C72AB2181D2400062000C /* DisplayViewController.h */ = {isa = PBXFileReference; lastKnownFileType = sourcecode.c.h; path = DisplayViewController.h; sourceTree = "<group>"; };
		8F7C72AC2181D2400062000C /* DisplayViewController.m */ = {isa = PBXFileReference; lastKnownFileType = sourcecode.c.objc; path = DisplayViewController.m; sourceTree = "<group>"; };
		8F7C72AE2181D2FB0062000C /* SHMDatabase.h */ = {isa = PBXFileReference; lastKnownFileType = sourcecode.c.h; path = SHMDatabase.h; sourceTree = "<group>"; };
		8F7C72AF2181D74B0062000C /* DisplayCell.h */ = {isa = PBXFileReference; lastKnownFileType = sourcecode.c.h; path = DisplayCell.h; sourceTree = "<group>"; };
		8F7C72B02181D74B0062000C /* DisplayCell.m */ = {isa = PBXFileReference; lastKnownFileType = sourcecode.c.objc; path = DisplayCell.m; sourceTree = "<group>"; };
		8F7C72B62182C74B0062000C /* Podfile */ = {isa = PBXFileReference; fileEncoding = 4; lastKnownFileType = text; path = Podfile; sourceTree = SOURCE_ROOT; };
		8F7C72B82186BB1F0062000C /* README.md */ = {isa = PBXFileReference; fileEncoding = 4; lastKnownFileType = net.daringfireball.markdown; path = README.md; sourceTree = SOURCE_ROOT; };
/* End PBXFileReference section */

/* Begin PBXFrameworksBuildPhase section */
		8F7C726D2181BA500062000C /* Frameworks */ = {
			isa = PBXFrameworksBuildPhase;
			buildActionMask = 2147483647;
			files = (
				EB63B07121F70B97D7BBE365 /* Pods_SHMDatabase.framework in Frameworks */,
			);
			runOnlyForDeploymentPostprocessing = 0;
		};
/* End PBXFrameworksBuildPhase section */

/* Begin PBXGroup section */
		5B54C3BA1FD54BE4791E6230 /* Frameworks */ = {
			isa = PBXGroup;
			children = (
				06211271BC0696BED8B98182 /* Pods_SHMDatabase.framework */,
			);
			name = Frameworks;
			sourceTree = "<group>";
		};
		8F7C72672181BA500062000C = {
			isa = PBXGroup;
			children = (
				8F7C72722181BA500062000C /* SHMDatabase */,
				8F7C72712181BA500062000C /* Products */,
				FBDFD925636FF089FE327408 /* Pods */,
				5B54C3BA1FD54BE4791E6230 /* Frameworks */,
			);
			sourceTree = "<group>";
		};
		8F7C72712181BA500062000C /* Products */ = {
			isa = PBXGroup;
			children = (
				8F7C72702181BA500062000C /* SHMDatabase.app */,
			);
			name = Products;
			sourceTree = "<group>";
		};
		8F7C72722181BA500062000C /* SHMDatabase */ = {
			isa = PBXGroup;
			children = (
				8F7C72B82186BB1F0062000C /* README.md */,
				8F7C72B62182C74B0062000C /* Podfile */,
				8F7C72732181BA500062000C /* AppDelegate.h */,
				8F7C72742181BA500062000C /* AppDelegate.m */,
				8F7C729D2181CB560062000C /* Demo */,
				8F7C72892181BBFE0062000C /* SHMDatabase */,
				8F7C72792181BA500062000C /* Main.storyboard */,
				8F7C727C2181BA530062000C /* Assets.xcassets */,
				8F7C727E2181BA530062000C /* LaunchScreen.storyboard */,
				8F7C72812181BA530062000C /* Info.plist */,
				8F7C72822181BA530062000C /* main.m */,
			);
			path = SHMDatabase;
			sourceTree = "<group>";
		};
		8F7C72892181BBFE0062000C /* SHMDatabase */ = {
			isa = PBXGroup;
			children = (
				8F7C72AE2181D2FB0062000C /* SHMDatabase.h */,
				8F7C728A2181BC770062000C /* SHMDatabaseSDK.h */,
				8F7C728B2181BC770062000C /* SHMDatabaseSDK.m */,
				8F7C728D2181C0E90062000C /* SHMAutoSqlUtil.h */,
				8F7C728E2181C0E90062000C /* SHMAutoSqlUtil.m */,
				8F7C72902181C15A0062000C /* SHMDBVersion.h */,
				8F7C72912181C15A0062000C /* SHMDBVersion.m */,
				8F7C72932181C1A20062000C /* NSObject+SHMDatabase.h */,
				8F7C72942181C1A20062000C /* NSObject+SHMDatabase.m */,
				8F7C72962181C2250062000C /* NSArray+SHMDatabase.h */,
				8F7C72972181C2250062000C /* NSArray+SHMDatabase.m */,
				8F7C72992181C26D0062000C /* SHMDbTools.h */,
				8F7C729A2181C26D0062000C /* SHMDbTools.m */,
				8F7C729C2181C4F00062000C /* SHMDBConst.h */,
			);
			path = SHMDatabase;
			sourceTree = "<group>";
		};
		8F7C729D2181CB560062000C /* Demo */ = {
			isa = PBXGroup;
			children = (
				8F7C72A12181CE2F0062000C /* Models */,
				8F7C72762181BA500062000C /* ViewController.h */,
				8F7C72772181BA500062000C /* ViewController.m */,
				8F7C72AB2181D2400062000C /* DisplayViewController.h */,
				8F7C72AC2181D2400062000C /* DisplayViewController.m */,
				8F7C72AF2181D74B0062000C /* DisplayCell.h */,
				8F7C72B02181D74B0062000C /* DisplayCell.m */,
			);
			path = Demo;
			sourceTree = "<group>";
		};
		8F7C72A12181CE2F0062000C /* Models */ = {
			isa = PBXGroup;
			children = (
				8F7C729E2181CC560062000C /* AnyModel.h */,
				8F7C729F2181CC560062000C /* AnyModel.m */,
				8F7C72A22181CE460062000C /* Father.h */,
				8F7C72A32181CE460062000C /* Father.m */,
				8F7C72A52181CF5A0062000C /* SomeInfo.h */,
				8F7C72A62181CF5A0062000C /* SomeInfo.m */,
				8F7C72A82181CF7E0062000C /* AccessObj.h */,
				8F7C72A92181CF7E0062000C /* AccessObj.m */,
			);
			path = Models;
			sourceTree = "<group>";
		};
		FBDFD925636FF089FE327408 /* Pods */ = {
			isa = PBXGroup;
			children = (
				5EBABB20EEFF58B7563F9FD1 /* Pods-SHMDatabase.debug.xcconfig */,
				5E0BCD9CFA30B3C9E47EAEC6 /* Pods-SHMDatabase.release.xcconfig */,
			);
			name = Pods;
			sourceTree = "<group>";
		};
/* End PBXGroup section */

/* Begin PBXNativeTarget section */
		8F7C726F2181BA500062000C /* SHMDatabase */ = {
			isa = PBXNativeTarget;
			buildConfigurationList = 8F7C72862181BA530062000C /* Build configuration list for PBXNativeTarget "SHMDatabase" */;
			buildPhases = (
				024426586F0295F8A2DB5274 /* [CP] Check Pods Manifest.lock */,
				8F7C726C2181BA500062000C /* Sources */,
				8F7C726D2181BA500062000C /* Frameworks */,
				8F7C726E2181BA500062000C /* Resources */,
				5AB3B4FAC72FEF127F209FCF /* [CP] Embed Pods Frameworks */,
			);
			buildRules = (
			);
			dependencies = (
			);
			name = SHMDatabase;
			productName = SHMDatabase;
			productReference = 8F7C72702181BA500062000C /* SHMDatabase.app */;
			productType = "com.apple.product-type.application";
		};
/* End PBXNativeTarget section */

/* Begin PBXProject section */
		8F7C72682181BA500062000C /* Project object */ = {
			isa = PBXProject;
			attributes = {
				LastUpgradeCheck = 1000;
				ORGANIZATIONNAME = teason23;
				TargetAttributes = {
					8F7C726F2181BA500062000C = {
						CreatedOnToolsVersion = 10.0;
					};
				};
			};
			buildConfigurationList = 8F7C726B2181BA500062000C /* Build configuration list for PBXProject "SHMDatabase" */;
			compatibilityVersion = "Xcode 9.3";
			developmentRegion = en;
			hasScannedForEncodings = 0;
			knownRegions = (
				en,
				Base,
			);
			mainGroup = 8F7C72672181BA500062000C;
			productRefGroup = 8F7C72712181BA500062000C /* Products */;
			projectDirPath = "";
			projectRoot = "";
			targets = (
				8F7C726F2181BA500062000C /* SHMDatabase */,
			);
		};
/* End PBXProject section */

/* Begin PBXResourcesBuildPhase section */
		8F7C726E2181BA500062000C /* Resources */ = {
			isa = PBXResourcesBuildPhase;
			buildActionMask = 2147483647;
			files = (
				8F7C72B72182C74B0062000C /* Podfile in Resources */,
				8F7C72802181BA530062000C /* LaunchScreen.storyboard in Resources */,
				8F7C72B92186BB200062000C /* README.md in Resources */,
				8F7C727D2181BA530062000C /* Assets.xcassets in Resources */,
				8F7C727B2181BA500062000C /* Main.storyboard in Resources */,
			);
			runOnlyForDeploymentPostprocessing = 0;
		};
/* End PBXResourcesBuildPhase section */

/* Begin PBXShellScriptBuildPhase section */
		024426586F0295F8A2DB5274 /* [CP] Check Pods Manifest.lock */ = {
			isa = PBXShellScriptBuildPhase;
			buildActionMask = 2147483647;
			files = (
			);
			inputFileListPaths = (
			);
			inputPaths = (
				"${PODS_PODFILE_DIR_PATH}/Podfile.lock",
				"${PODS_ROOT}/Manifest.lock",
			);
			name = "[CP] Check Pods Manifest.lock";
			outputFileListPaths = (
			);
			outputPaths = (
				"$(DERIVED_FILE_DIR)/Pods-SHMDatabase-checkManifestLockResult.txt",
			);
			runOnlyForDeploymentPostprocessing = 0;
			shellPath = /bin/sh;
			shellScript = "diff \"${PODS_PODFILE_DIR_PATH}/Podfile.lock\" \"${PODS_ROOT}/Manifest.lock\" > /dev/null\nif [ $? != 0 ] ; then\n    # print error to STDERR\n    echo \"error: The sandbox is not in sync with the Podfile.lock. Run 'pod install' or update your CocoaPods installation.\" >&2\n    exit 1\nfi\n# This output is used by Xcode 'outputs' to avoid re-running this script phase.\necho \"SUCCESS\" > \"${SCRIPT_OUTPUT_FILE_0}\"\n";
			showEnvVarsInLog = 0;
		};
		5AB3B4FAC72FEF127F209FCF /* [CP] Embed Pods Frameworks */ = {
			isa = PBXShellScriptBuildPhase;
			buildActionMask = 2147483647;
			files = (
			);
			inputFileListPaths = (
			);
			inputPaths = (
				"${SRCROOT}/Pods/Target Support Files/Pods-SHMDatabase/Pods-SHMDatabase-frameworks.sh",
				"${BUILT_PRODUCTS_DIR}/FMDB/FMDB.framework",
				"${BUILT_PRODUCTS_DIR}/MJRefresh/MJRefresh.framework",
				"${BUILT_PRODUCTS_DIR}/Masonry/Masonry.framework",
				"${BUILT_PRODUCTS_DIR}/YYModel/YYModel.framework",
			);
			name = "[CP] Embed Pods Frameworks";
			outputFileListPaths = (
			);
			outputPaths = (
				"${TARGET_BUILD_DIR}/${FRAMEWORKS_FOLDER_PATH}/FMDB.framework",
				"${TARGET_BUILD_DIR}/${FRAMEWORKS_FOLDER_PATH}/MJRefresh.framework",
				"${TARGET_BUILD_DIR}/${FRAMEWORKS_FOLDER_PATH}/Masonry.framework",
				"${TARGET_BUILD_DIR}/${FRAMEWORKS_FOLDER_PATH}/YYModel.framework",
			);
			runOnlyForDeploymentPostprocessing = 0;
			shellPath = /bin/sh;
			shellScript = "\"${SRCROOT}/Pods/Target Support Files/Pods-SHMDatabase/Pods-SHMDatabase-frameworks.sh\"\n";
			showEnvVarsInLog = 0;
		};
/* End PBXShellScriptBuildPhase section */

/* Begin PBXSourcesBuildPhase section */
		8F7C726C2181BA500062000C /* Sources */ = {
			isa = PBXSourcesBuildPhase;
			buildActionMask = 2147483647;
			files = (
				8F7C729B2181C26D0062000C /* SHMDbTools.m in Sources */,
				8F7C72982181C2250062000C /* NSArray+SHMDatabase.m in Sources */,
				8F7C72782181BA500062000C /* ViewController.m in Sources */,
				8F7C72922181C15A0062000C /* SHMDBVersion.m in Sources */,
				8F7C72A02181CC560062000C /* AnyModel.m in Sources */,
				8F7C72A72181CF5A0062000C /* SomeInfo.m in Sources */,
				8F7C728F2181C0E90062000C /* SHMAutoSqlUtil.m in Sources */,
				8F7C72952181C1A20062000C /* NSObject+SHMDatabase.m in Sources */,
				8F7C72832181BA530062000C /* main.m in Sources */,
				8F7C728C2181BC770062000C /* SHMDatabaseSDK.m in Sources */,
				8F7C72AA2181CF7E0062000C /* AccessObj.m in Sources */,
				8F7C72AD2181D2400062000C /* DisplayViewController.m in Sources */,
				8F7C72A42181CE460062000C /* Father.m in Sources */,
				8F7C72B12181D74B0062000C /* DisplayCell.m in Sources */,
				8F7C72752181BA500062000C /* AppDelegate.m in Sources */,
			);
			runOnlyForDeploymentPostprocessing = 0;
		};
/* End PBXSourcesBuildPhase section */

/* Begin PBXVariantGroup section */
		8F7C72792181BA500062000C /* Main.storyboard */ = {
			isa = PBXVariantGroup;
			children = (
				8F7C727A2181BA500062000C /* Base */,
			);
			name = Main.storyboard;
			sourceTree = "<group>";
		};
		8F7C727E2181BA530062000C /* LaunchScreen.storyboard */ = {
			isa = PBXVariantGroup;
			children = (
				8F7C727F2181BA530062000C /* Base */,
			);
			name = LaunchScreen.storyboard;
			sourceTree = "<group>";
		};
/* End PBXVariantGroup section */

/* Begin XCBuildConfiguration section */
		8F7C72842181BA530062000C /* Debug */ = {
			isa = XCBuildConfiguration;
			buildSettings = {
				ALWAYS_SEARCH_USER_PATHS = NO;
				CLANG_ANALYZER_NONNULL = YES;
				CLANG_ANALYZER_NUMBER_OBJECT_CONVERSION = YES_AGGRESSIVE;
				CLANG_CXX_LANGUAGE_STANDARD = "gnu++14";
				CLANG_CXX_LIBRARY = "libc++";
				CLANG_ENABLE_MODULES = YES;
				CLANG_ENABLE_OBJC_ARC = YES;
				CLANG_ENABLE_OBJC_WEAK = YES;
				CLANG_WARN_BLOCK_CAPTURE_AUTORELEASING = YES;
				CLANG_WARN_BOOL_CONVERSION = YES;
				CLANG_WARN_COMMA = YES;
				CLANG_WARN_CONSTANT_CONVERSION = YES;
				CLANG_WARN_DEPRECATED_OBJC_IMPLEMENTATIONS = YES;
				CLANG_WARN_DIRECT_OBJC_ISA_USAGE = YES_ERROR;
				CLANG_WARN_DOCUMENTATION_COMMENTS = YES;
				CLANG_WARN_EMPTY_BODY = YES;
				CLANG_WARN_ENUM_CONVERSION = YES;
				CLANG_WARN_INFINITE_RECURSION = YES;
				CLANG_WARN_INT_CONVERSION = YES;
				CLANG_WARN_NON_LITERAL_NULL_CONVERSION = YES;
				CLANG_WARN_OBJC_IMPLICIT_RETAIN_SELF = YES;
				CLANG_WARN_OBJC_LITERAL_CONVERSION = YES;
				CLANG_WARN_OBJC_ROOT_CLASS = YES_ERROR;
				CLANG_WARN_RANGE_LOOP_ANALYSIS = YES;
				CLANG_WARN_STRICT_PROTOTYPES = YES;
				CLANG_WARN_SUSPICIOUS_MOVE = YES;
				CLANG_WARN_UNGUARDED_AVAILABILITY = YES_AGGRESSIVE;
				CLANG_WARN_UNREACHABLE_CODE = YES;
				CLANG_WARN__DUPLICATE_METHOD_MATCH = YES;
				CODE_SIGN_IDENTITY = "iPhone Developer";
				COPY_PHASE_STRIP = NO;
				DEBUG_INFORMATION_FORMAT = dwarf;
				ENABLE_STRICT_OBJC_MSGSEND = YES;
				ENABLE_TESTABILITY = YES;
				GCC_C_LANGUAGE_STANDARD = gnu11;
				GCC_DYNAMIC_NO_PIC = NO;
				GCC_NO_COMMON_BLOCKS = YES;
				GCC_OPTIMIZATION_LEVEL = 0;
				GCC_PREPROCESSOR_DEFINITIONS = (
					"DEBUG=1",
					"$(inherited)",
				);
				GCC_WARN_64_TO_32_BIT_CONVERSION = YES;
				GCC_WARN_ABOUT_RETURN_TYPE = YES_ERROR;
				GCC_WARN_UNDECLARED_SELECTOR = YES;
				GCC_WARN_UNINITIALIZED_AUTOS = YES_AGGRESSIVE;
				GCC_WARN_UNUSED_FUNCTION = YES;
				GCC_WARN_UNUSED_VARIABLE = YES;
				IPHONEOS_DEPLOYMENT_TARGET = 12.0;
				MTL_ENABLE_DEBUG_INFO = INCLUDE_SOURCE;
				MTL_FAST_MATH = YES;
				ONLY_ACTIVE_ARCH = YES;
				SDKROOT = iphoneos;
			};
			name = Debug;
		};
		8F7C72852181BA530062000C /* Release */ = {
			isa = XCBuildConfiguration;
			buildSettings = {
				ALWAYS_SEARCH_USER_PATHS = NO;
				CLANG_ANALYZER_NONNULL = YES;
				CLANG_ANALYZER_NUMBER_OBJECT_CONVERSION = YES_AGGRESSIVE;
				CLANG_CXX_LANGUAGE_STANDARD = "gnu++14";
				CLANG_CXX_LIBRARY = "libc++";
				CLANG_ENABLE_MODULES = YES;
				CLANG_ENABLE_OBJC_ARC = YES;
				CLANG_ENABLE_OBJC_WEAK = YES;
				CLANG_WARN_BLOCK_CAPTURE_AUTORELEASING = YES;
				CLANG_WARN_BOOL_CONVERSION = YES;
				CLANG_WARN_COMMA = YES;
				CLANG_WARN_CONSTANT_CONVERSION = YES;
				CLANG_WARN_DEPRECATED_OBJC_IMPLEMENTATIONS = YES;
				CLANG_WARN_DIRECT_OBJC_ISA_USAGE = YES_ERROR;
				CLANG_WARN_DOCUMENTATION_COMMENTS = YES;
				CLANG_WARN_EMPTY_BODY = YES;
				CLANG_WARN_ENUM_CONVERSION = YES;
				CLANG_WARN_INFINITE_RECURSION = YES;
				CLANG_WARN_INT_CONVERSION = YES;
				CLANG_WARN_NON_LITERAL_NULL_CONVERSION = YES;
				CLANG_WARN_OBJC_IMPLICIT_RETAIN_SELF = YES;
				CLANG_WARN_OBJC_LITERAL_CONVERSION = YES;
				CLANG_WARN_OBJC_ROOT_CLASS = YES_ERROR;
				CLANG_WARN_RANGE_LOOP_ANALYSIS = YES;
				CLANG_WARN_STRICT_PROTOTYPES = YES;
				CLANG_WARN_SUSPICIOUS_MOVE = YES;
				CLANG_WARN_UNGUARDED_AVAILABILITY = YES_AGGRESSIVE;
				CLANG_WARN_UNREACHABLE_CODE = YES;
				CLANG_WARN__DUPLICATE_METHOD_MATCH = YES;
				CODE_SIGN_IDENTITY = "iPhone Developer";
				COPY_PHASE_STRIP = NO;
				DEBUG_INFORMATION_FORMAT = "dwarf-with-dsym";
				ENABLE_NS_ASSERTIONS = NO;
				ENABLE_STRICT_OBJC_MSGSEND = YES;
				GCC_C_LANGUAGE_STANDARD = gnu11;
				GCC_NO_COMMON_BLOCKS = YES;
				GCC_WARN_64_TO_32_BIT_CONVERSION = YES;
				GCC_WARN_ABOUT_RETURN_TYPE = YES_ERROR;
				GCC_WARN_UNDECLARED_SELECTOR = YES;
				GCC_WARN_UNINITIALIZED_AUTOS = YES_AGGRESSIVE;
				GCC_WARN_UNUSED_FUNCTION = YES;
				GCC_WARN_UNUSED_VARIABLE = YES;
				IPHONEOS_DEPLOYMENT_TARGET = 12.0;
				MTL_ENABLE_DEBUG_INFO = NO;
				MTL_FAST_MATH = YES;
				SDKROOT = iphoneos;
				VALIDATE_PRODUCT = YES;
			};
			name = Release;
		};
		8F7C72872181BA530062000C /* Debug */ = {
			isa = XCBuildConfiguration;
			baseConfigurationReference = 5EBABB20EEFF58B7563F9FD1 /* Pods-SHMDatabase.debug.xcconfig */;
			buildSettings = {
				ASSETCATALOG_COMPILER_APPICON_NAME = AppIcon;
				CODE_SIGN_STYLE = Automatic;
				DEVELOPMENT_TEAM = Z35T9799TW;
				INFOPLIST_FILE = SHMDatabase/Info.plist;
				LD_RUNPATH_SEARCH_PATHS = (
					"$(inherited)",
					"@executable_path/Frameworks",
				);
				PRODUCT_BUNDLE_IDENTIFIER = chuxin.shimo.yunpan.SHMDatabase;
				PRODUCT_NAME = "$(TARGET_NAME)";
				TARGETED_DEVICE_FAMILY = "1,2";
			};
			name = Debug;
		};
		8F7C72882181BA530062000C /* Release */ = {
			isa = XCBuildConfiguration;
			baseConfigurationReference = 5E0BCD9CFA30B3C9E47EAEC6 /* Pods-SHMDatabase.release.xcconfig */;
			buildSettings = {
				ASSETCATALOG_COMPILER_APPICON_NAME = AppIcon;
				CODE_SIGN_STYLE = Automatic;
				DEVELOPMENT_TEAM = Z35T9799TW;
				INFOPLIST_FILE = SHMDatabase/Info.plist;
				LD_RUNPATH_SEARCH_PATHS = (
					"$(inherited)",
					"@executable_path/Frameworks",
				);
				PRODUCT_BUNDLE_IDENTIFIER = chuxin.shimo.yunpan.SHMDatabase;
				PRODUCT_NAME = "$(TARGET_NAME)";
				TARGETED_DEVICE_FAMILY = "1,2";
			};
			name = Release;
		};
/* End XCBuildConfiguration section */

/* Begin XCConfigurationList section */
		8F7C726B2181BA500062000C /* Build configuration list for PBXProject "SHMDatabase" */ = {
			isa = XCConfigurationList;
			buildConfigurations = (
				8F7C72842181BA530062000C /* Debug */,
				8F7C72852181BA530062000C /* Release */,
			);
			defaultConfigurationIsVisible = 0;
			defaultConfigurationName = Release;
		};
		8F7C72862181BA530062000C /* Build configuration list for PBXNativeTarget "SHMDatabase" */ = {
			isa = XCConfigurationList;
			buildConfigurations = (
				8F7C72872181BA530062000C /* Debug */,
				8F7C72882181BA530062000C /* Release */,
			);
			defaultConfigurationIsVisible = 0;
			defaultConfigurationName = Release;
		};
/* End XCConfigurationList section */
	};
	rootObject = 8F7C72682181BA500062000C /* Project object */;
}
